[[package]]
name = "click"
version = "7.1.2"
description = "Composable command line interface toolkit"
category = "main"
optional = false
python-versions = ">=2.7, !=3.0.*, !=3.1.*, !=3.2.*, !=3.3.*, !=3.4.*"

[[package]]
name = "click-anno"
version = "0.1.4"
description = ""
category = "main"
optional = false
python-versions = "*"

[package.dependencies]
click = "*"

[[package]]
name = "six"
version = "1.15.0"
description = "Python 2 and 3 compatibility utilities"
category = "main"
optional = false
python-versions = ">=2.7, !=3.0.*, !=3.1.*, !=3.2.*"

[[package]]
name = "transmissionrpc"
version = "0.11"
description = "Python module that implements the Transmission bittorent client RPC protocol."
category = "main"
optional = false
python-versions = "*"

[package.dependencies]
six = ">=1.1.0"

[metadata]
lock-version = "1.1"
python-versions = "^3.8"
content-hash = "9bd46beda758980c3d22c839bd698ef9dfa5ab1620db146e86d19ff036a17de9"

[metadata.files]
click = [
    {file = "click-7.1.2-py2.py3-none-any.whl", hash = "sha256:dacca89f4bfadd5de3d7489b7c8a566eee0d3676333fbb50030263894c38c0dc"},
    {file = "click-7.1.2.tar.gz", hash = "sha256:d2b5255c7c6349bc1bd1e59e08cd12acbbd63ce649f2588755783aa94dfb6b1a"},
]
click-anno = [
    {file = "click_anno-0.1.4-py3-none-any.whl", hash = "sha256:db705b62026199f23542e67f3af7bbc1f766a416ca576923f6aa92c4a69abcbd"},
    {file = "click_anno-0.1.4.tar.gz", hash = "sha256:7fffae4eeb21f12260348cf6cbb1a8ae9a9e792505dd94d51f58e57020aa518c"},
]
six = [
    {file = "six-1.15.0-py2.py3-none-any.whl", hash = "sha256:8b74bedcbbbaca38ff6d7491d76f2b06b3592611af620f8426e82dddb04a5ced"},
    {file = "six-1.15.0.tar.gz", hash = "sha256:30639c035cdb23534cd4aa2dd52c3bf48f06e5f4a941509c8bafd8ce11080259"},
]
transmissionrpc = [
    {file = "transmissionrpc-0.11-py2.7.egg", hash = "sha256:f55d9eebd71672890f747ff5467bcdfb19ad9a08d3e5afb03f61442750ed2569"},
    {file = "transmissionrpc-0.11-py3.3.egg", hash = "sha256:8178e2a61bc4381ce214401e4513dad00d082bc0d55edbb805586e66a2bbd824"},
    {file = "transmissionrpc-0.11.tar.gz", hash = "sha256:ec43b460f9fde2faedbfa6d663ef495b3fd69df855a135eebe8f8a741c0dde60"},
]
